
Microsoft Visual Studio Solution File, Format Version 12.00
# Visual Studio Version 17
VisualStudioVersion = 17.10.35013.160
MinimumVisualStudioVersion = 10.0.40219.1
Project("{9A19103F-16F7-4668-BE54-9A1E7A4F7556}") = "EntityFrameWork-1", "EntityFrameWork-1\EntityFrameWork-1.csproj", "{58678007-A5AD-4E8A-B46F-96B36F91967D}"
EndProject
Project("{FAE04EC0-301F-11D3-BF4B-00C04F79EFBC}") = "Assignment", "Assignment\Assignment.csproj", "{5A1FBAD3-5900-4D31-9CFC-74AA978ABC90}"
EndProject
Global
	GlobalSection(SolutionConfigurationPlatforms) = preSolution
		Debug|Any CPU = Debug|Any CPU
		Release|Any CPU = Release|Any CPU
	EndGlobalSection
	GlobalSection(ProjectConfigurationPlatforms) = postSolution
		{58678007-A5AD-4E8A-B46F-96B36F91967D}.Debug|Any CPU.ActiveCfg = Debug|Any CPU
		{58678007-A5AD-4E8A-B46F-96B36F91967D}.Debug|Any CPU.Build.0 = Debug|Any CPU
		{58678007-A5AD-4E8A-B46F-96B36F91967D}.Release|Any CPU.ActiveCfg = Release|Any CPU
		{58678007-A5AD-4E8A-B46F-96B36F91967D}.Release|Any CPU.Build.0 = Release|Any CPU
		{5A1FBAD3-5900-4D31-9CFC-74AA978ABC90}.Debug|Any CPU.ActiveCfg = Debug|Any CPU
		{5A1FBAD3-5900-4D31-9CFC-74AA978ABC90}.Debug|Any CPU.Build.0 = Debug|Any CPU
		{5A1FBAD3-5900-4D31-9CFC-74AA978ABC90}.Release|Any CPU.ActiveCfg = Release|Any CPU
		{5A1FBAD3-5900-4D31-9CFC-74AA978ABC90}.Release|Any CPU.Build.0 = Release|Any CPU
	EndGlobalSection
	GlobalSection(SolutionProperties) = preSolution
		HideSolutionNode = FALSE
	EndGlobalSection
	GlobalSection(ExtensibilityGlobals) = postSolution
		SolutionGuid = {149C3F76-1BBF-44DE-AAB1-4874E8DE4089}
	EndGlobalSection
EndGlobal
